
Microsoft Visual Studio Solution File, Format Version 12.00
# Visual Studio Version 17
VisualStudioVersion = 17.2.32526.322
MinimumVisualStudioVersion = 10.0.40219.1
Project("{FAE04EC0-301F-11D3-BF4B-00C04F79EFBC}") = "WebApiShared", "WebApiShared\WebApiShared.csproj", "{2CBBA127-AE43-41B5-9AAF-0EAD9523769F}"
EndProject
Global
	GlobalSection(SolutionConfigurationPlatforms) = preSolution
		Debug|Any CPU = Debug|Any CPU
		Release|Any CPU = Release|Any CPU
	EndGlobalSection
	GlobalSection(ProjectConfigurationPlatforms) = postSolution
		{2CBBA127-AE43-41B5-9AAF-0EAD9523769F}.Debug|Any CPU.ActiveCfg = Debug|Any CPU
		{2CBBA127-AE43-41B5-9AAF-0EAD9523769F}.Debug|Any CPU.Build.0 = Debug|Any CPU
		{2CBBA127-AE43-41B5-9AAF-0EAD9523769F}.Release|Any CPU.ActiveCfg = Release|Any CPU
		{2CBBA127-AE43-41B5-9AAF-0EAD9523769F}.Release|Any CPU.Build.0 = Release|Any CPU
	EndGlobalSection
	GlobalSection(SolutionProperties) = preSolution
		HideSolutionNode = FALSE
	EndGlobalSection
	GlobalSection(ExtensibilityGlobals) = postSolution
		SolutionGuid = {395C26D9-F92C-48AB-859E-C8859D058673}
	EndGlobalSection
EndGlobal
